<?xml version="1.0" encoding="utf-8"?>
<Project ToolsVersion="4.0" xmlns="http://schemas.microsoft.com/developer/msbuild/2003">
  <ItemGroup>
    <Filter Include="Source Files">
      <UniqueIdentifier>{4FC737F1-C7A5-4376-A066-2A32D752A2FF}</UniqueIdentifier>
      <Extensions>cpp;c;cc;cxx;c++;cppm;ixx;def;odl;idl;hpj;bat;asm;asmx</Extensions>
    </Filter>
    <Filter Include="Header Files">
      <UniqueIdentifier>{93995380-89BD-4b04-88EB-625FBE52EBFB}</UniqueIdentifier>
      <Extensions>h;hh;hpp;hxx;h++;hm;inl;inc;ipp;xsd</Extensions>
    </Filter>
    <Filter Include="Resource Files">
      <UniqueIdentifier>{67DA6AB6-F800-4c08-8B7A-83BB121AAD01}</UniqueIdentifier>
      <Extensions>rc;ico;cur;bmp;dlg;rc2;rct;bin;rgs;gif;jpg;jpeg;jpe;resx;tiff;tif;png;wav;mfcribbon-ms</Extensions>
    </Filter>
  </ItemGroup>
  <ItemGroup>
    <ClCompile Include="Source.cpp">
      <Filter>Source Files</Filter>
    </ClCompile>
    <ClCompile Include="PrimeNumber.cpp">
      <Filter>Source Files</Filter>
    </ClCompile>
    <ClCompile Include="Source1.cpp">
      <Filter>Source Files</Filter>
    </ClCompile>
    <ClCompile Include="2p2lab.cpp">
      <Filter>Source Files</Filter>
    </ClCompile>
    <ClCompile Include="2p3lab.cpp">
      <Filter>Source Files</Filter>
    </ClCompile>
    <ClCompile Include="2p4lab.cpp">
      <Filter>Source Files</Filter>
    </ClCompile>
    <ClCompile Include="perfectNumberCalc.cpp">
      <Filter>Source Files</Filter>
    </ClCompile>
    <ClCompile Include="3p1lab.cpp">
      <Filter>Source Files</Filter>
    </ClCompile>
    <ClCompile Include="3p2lab.cpp">
      <Filter>Source Files</Filter>
    </ClCompile>
    <ClCompile Include="3p3lab.cpp">
      <Filter>Source Files</Filter>
    </ClCompile>
    <ClCompile Include="4p1lab.cpp">
      <Filter>Source Files</Filter>
    </ClCompile>
    <ClCompile Include="4p2lab.cpp">
      <Filter>Source Files</Filter>
    </ClCompile>
    <ClCompile Include="4p3lab.cpp">
      <Filter>Source Files</Filter>
    </ClCompile>
    <ClCompile Include="4pOption3cpp.cpp">
      <Filter>Source Files</Filter>
    </ClCompile>
    <ClCompile Include="4pOption3.cpp">
      <Filter>Resource Files</Filter>
    </ClCompile>
    <ClCompile Include="4pOption1.cpp">
      <Filter>Source Files</Filter>
    </ClCompile>
    <ClCompile Include="5p1lab.cpp">
      <Filter>Resource Files</Filter>
    </ClCompile>
    <ClCompile Include="5p2lab.cpp">
      <Filter>Resource Files</Filter>
    </ClCompile>
    <ClCompile Include="5p3lab.cpp">
      <Filter>Source Files</Filter>
    </ClCompile>
    <ClCompile Include="5p4lab.cpp">
      <Filter>Source Files</Filter>
    </ClCompile>
    <ClCompile Include="5p5lab.cpp">
      <Filter>Source Files</Filter>
    </ClCompile>
    <ClCompile Include="ch6popquiz.cpp">
      <Filter>Source Files</Filter>
    </ClCompile>
    <ClCompile Include="6p1lab.cpp">
      <Filter>Source Files</Filter>
    </ClCompile>
    <ClCompile Include="6p2lab.cpp">
      <Filter>Source Files</Filter>
    </ClCompile>
    <ClCompile Include="6p3lab.cpp">
      <Filter>Source Files</Filter>
    </ClCompile>
    <ClCompile Include="6p4Option1lab.cpp">
      <Filter>Source Files</Filter>
    </ClCompile>
    <ClCompile Include="6p4option2lab.cpp">
      <Filter>Source Files</Filter>
    </ClCompile>
    <ClCompile Include="6p4option3lab.cpp">
      <Filter>Source Files</Filter>
    </ClCompile>
    <ClCompile Include="preintervention.cpp">
      <Filter>Source Files</Filter>
    </ClCompile>
    <ClCompile Include="helloworld.cpp">
      <Filter>Source Files</Filter>
    </ClCompile>
    <ClCompile Include="2-15quiz.cpp">
      <Filter>Source Files</Filter>
    </ClCompile>
    <ClCompile Include="7p1ex3lab.cpp">
      <Filter>Source Files</Filter>
    </ClCompile>
    <ClCompile Include="7p2lab.cpp">
      <Filter>Source Files</Filter>
    </ClCompile>
    <ClCompile Include="7p3lab.cpp">
      <Filter>Source Files</Filter>
    </ClCompile>
    <ClCompile Include="7p4laboption1.cpp">
      <Filter>Source Files</Filter>
    </ClCompile>
    <ClCompile Include="7p4laboption2.cpp">
      <Filter>Source Files</Filter>
    </ClCompile>
    <ClCompile Include="CompositeNumbers.cpp">
      <Filter>Source Files</Filter>
    </ClCompile>
    <ClCompile Include="Divisibility.cpp">
      <Filter>Source Files</Filter>
    </ClCompile>
    <ClCompile Include="SortsAndSearch.cpp">
      <Filter>Source Files</Filter>
    </ClCompile>
  </ItemGroup>
  <ItemGroup>
    <ClInclude Include="ListWithDuplicates.h">
      <Filter>Header Files</Filter>
    </ClInclude>
    <ClInclude Include="SortedList.h">
      <Filter>Header Files</Filter>
    </ClInclude>
    <ClInclude Include="ItemList.h">
      <Filter>Header Files</Filter>
    </ClInclude>
    <ClInclude Include="Stack.h">
      <Filter>Header Files</Filter>
    </ClInclude>
    <ClInclude Include="DynStack.h">
      <Filter>Header Files</Filter>
    </ClInclude>
    <ClInclude Include="QueueArray.h">
      <Filter>Header Files</Filter>
    </ClInclude>
    <ClInclude Include="DynQueue.h">
      <Filter>Header Files</Filter>
    </ClInclude>
  </ItemGroup>
</Project>